// !$*UTF8*$!
{
	archiveVersion = 1;
	classes = {
	};
	objectVersion = 56;
	objects = {

/* Begin PBXBuildFile section */
		1FEBD802299846F6001C402E /* TabIndicadorsApp.swift in Sources */ = {isa = PBXBuildFile; fileRef = 1FEBD801299846F6001C402E /* TabIndicadorsApp.swift */; };
		1FEBD804299846F6001C402E /* ContentView.swift in Sources */ = {isa = PBXBuildFile; fileRef = 1FEBD803299846F6001C402E /* ContentView.swift */; };
		1FEBD806299846F8001C402E /* Assets.xcassets in Resources */ = {isa = PBXBuildFile; fileRef = 1FEBD805299846F8001C402E /* Assets.xcassets */; };
		1FEBD809299846F8001C402E /* Preview Assets.xcassets in Resources */ = {isa = PBXBuildFile; fileRef = 1FEBD808299846F8001C402E /* Preview Assets.xcassets */; };
		1FEBD82F29984B8D001C402E /* Home.swift in Sources */ = {isa = PBXBuildFile; fileRef = 1FEBD82E29984B8D001C402E /* Home.swift */; };
		1FEBD83129984BD5001C402E /* Tab.swift in Sources */ = {isa = PBXBuildFile; fileRef = 1FEBD83029984BD5001C402E /* Tab.swift */; };
		1FEBD83329985E25001C402E /* ScrollOffset.swift in Sources */ = {isa = PBXBuildFile; fileRef = 1FEBD83229985E25001C402E /* ScrollOffset.swift */; };
		1FEBD8352998618D001C402E /* LinearInterpolation.swift in Sources */ = {isa = PBXBuildFile; fileRef = 1FEBD8342998618D001C402E /* LinearInterpolation.swift */; };
/* End PBXBuildFile section */

/* Begin PBXContainerItemProxy section */
		1FEBD80F299846F8001C402E /* PBXContainerItemProxy */ = {
			isa = PBXContainerItemProxy;
			containerPortal = 1FEBD7F6299846F6001C402E /* Project object */;
			proxyType = 1;
			remoteGlobalIDString = 1FEBD7FD299846F6001C402E;
			remoteInfo = TabIndicadors;
		};
		1FEBD819299846F8001C402E /* PBXContainerItemProxy */ = {
			isa = PBXContainerItemProxy;
			containerPortal = 1FEBD7F6299846F6001C402E /* Project object */;
			proxyType = 1;
			remoteGlobalIDString = 1FEBD7FD299846F6001C402E;
			remoteInfo = TabIndicadors;
		};
/* End PBXContainerItemProxy section */

/* Begin PBXFileReference section */
		1FEBD7FE299846F6001C402E /* TabIndicadors.app */ = {isa = PBXFileReference; explicitFileType = wrapper.application; includeInIndex = 0; path = TabIndicadors.app; sourceTree = BUILT_PRODUCTS_DIR; };
		1FEBD801299846F6001C402E /* TabIndicadorsApp.swift */ = {isa = PBXFileReference; lastKnownFileType = sourcecode.swift; path = TabIndicadorsApp.swift; sourceTree = "<group>"; };
		1FEBD803299846F6001C402E /* ContentView.swift */ = {isa = PBXFileReference; lastKnownFileType = sourcecode.swift; path = ContentView.swift; sourceTree = "<group>"; };
		1FEBD805299846F8001C402E /* Assets.xcassets */ = {isa = PBXFileReference; lastKnownFileType = folder.assetcatalog; path = Assets.xcassets; sourceTree = "<group>"; };
		1FEBD808299846F8001C402E /* Preview Assets.xcassets */ = {isa = PBXFileReference; lastKnownFileType = folder.assetcatalog; path = "Preview Assets.xcassets"; sourceTree = "<group>"; };
		1FEBD80E299846F8001C402E /* TabIndicadorsTests.xctest */ = {isa = PBXFileReference; explicitFileType = wrapper.cfbundle; includeInIndex = 0; path = TabIndicadorsTests.xctest; sourceTree = BUILT_PRODUCTS_DIR; };
		1FEBD818299846F8001C402E /* TabIndicadorsUITests.xctest */ = {isa = PBXFileReference; explicitFileType = wrapper.cfbundle; includeInIndex = 0; path = TabIndicadorsUITests.xctest; sourceTree = BUILT_PRODUCTS_DIR; };
		1FEBD82E29984B8D001C402E /* Home.swift */ = {isa = PBXFileReference; lastKnownFileType = sourcecode.swift; path = Home.swift; sourceTree = "<group>"; };
		1FEBD83029984BD5001C402E /* Tab.swift */ = {isa = PBXFileReference; lastKnownFileType = sourcecode.swift; path = Tab.swift; sourceTree = "<group>"; };
		1FEBD83229985E25001C402E /* ScrollOffset.swift */ = {isa = PBXFileReference; lastKnownFileType = sourcecode.swift; path = ScrollOffset.swift; sourceTree = "<group>"; };
		1FEBD8342998618D001C402E /* LinearInterpolation.swift */ = {isa = PBXFileReference; lastKnownFileType = sourcecode.swift; path = LinearInterpolation.swift; sourceTree = "<group>"; };
/* End PBXFileReference section */

/* Begin PBXFrameworksBuildPhase section */
		1FEBD7FB299846F6001C402E /* Frameworks */ = {
			isa = PBXFrameworksBuildPhase;
			buildActionMask = 2147483647;
			files = (
			);
			runOnlyForDeploymentPostprocessing = 0;
		};
		1FEBD80B299846F8001C402E /* Frameworks */ = {
			isa = PBXFrameworksBuildPhase;
			buildActionMask = 2147483647;
			files = (
			);
			runOnlyForDeploymentPostprocessing = 0;
		};
		1FEBD815299846F8001C402E /* Frameworks */ = {
			isa = PBXFrameworksBuildPhase;
			buildActionMask = 2147483647;
			files = (
			);
			runOnlyForDeploymentPostprocessing = 0;
		};
/* End PBXFrameworksBuildPhase section */

/* Begin PBXGroup section */
		1FEBD7F5299846F6001C402E = {
			isa = PBXGroup;
			children = (
				1FEBD800299846F6001C402E /* TabIndicadors */,
				1FEBD7FF299846F6001C402E /* Products */,
			);
			sourceTree = "<group>";
		};
		1FEBD7FF299846F6001C402E /* Products */ = {
			isa = PBXGroup;
			children = (
				1FEBD7FE299846F6001C402E /* TabIndicadors.app */,
				1FEBD80E299846F8001C402E /* TabIndicadorsTests.xctest */,
				1FEBD818299846F8001C402E /* TabIndicadorsUITests.xctest */,
			);
			name = Products;
			sourceTree = "<group>";
		};
		1FEBD800299846F6001C402E /* TabIndicadors */ = {
			isa = PBXGroup;
			children = (
				1FEBD82D29984B7A001C402E /* View */,
				1FEBD82C29984B73001C402E /* Model */,
				1FEBD82B29984B6C001C402E /* Helpers */,
				1FEBD801299846F6001C402E /* TabIndicadorsApp.swift */,
				1FEBD803299846F6001C402E /* ContentView.swift */,
				1FEBD805299846F8001C402E /* Assets.xcassets */,
				1FEBD807299846F8001C402E /* Preview Content */,
			);
			path = TabIndicadors;
			sourceTree = "<group>";
		};
		1FEBD807299846F8001C402E /* Preview Content */ = {
			isa = PBXGroup;
			children = (
				1FEBD808299846F8001C402E /* Preview Assets.xcassets */,
			);
			path = "Preview Content";
			sourceTree = "<group>";
		};
		1FEBD82B29984B6C001C402E /* Helpers */ = {
			isa = PBXGroup;
			children = (
				1FEBD83229985E25001C402E /* ScrollOffset.swift */,
				1FEBD8342998618D001C402E /* LinearInterpolation.swift */,
			);
			path = Helpers;
			sourceTree = "<group>";
		};
		1FEBD82C29984B73001C402E /* Model */ = {
			isa = PBXGroup;
			children = (
				1FEBD83029984BD5001C402E /* Tab.swift */,
			);
			path = Model;
			sourceTree = "<group>";
		};
		1FEBD82D29984B7A001C402E /* View */ = {
			isa = PBXGroup;
			children = (
				1FEBD82E29984B8D001C402E /* Home.swift */,
			);
			path = View;
			sourceTree = "<group>";
		};
/* End PBXGroup section */

/* Begin PBXNativeTarget section */
		1FEBD7FD299846F6001C402E /* TabIndicadors */ = {
			isa = PBXNativeTarget;
			buildConfigurationList = 1FEBD822299846F8001C402E /* Build configuration list for PBXNativeTarget "TabIndicadors" */;
			buildPhases = (
				1FEBD7FA299846F6001C402E /* Sources */,
				1FEBD7FB299846F6001C402E /* Frameworks */,
				1FEBD7FC299846F6001C402E /* Resources */,
			);
			buildRules = (
			);
			dependencies = (
			);
			name = TabIndicadors;
			productName = TabIndicadors;
			productReference = 1FEBD7FE299846F6001C402E /* TabIndicadors.app */;
			productType = "com.apple.product-type.application";
		};
		1FEBD80D299846F8001C402E /* TabIndicadorsTests */ = {
			isa = PBXNativeTarget;
			buildConfigurationList = 1FEBD825299846F8001C402E /* Build configuration list for PBXNativeTarget "TabIndicadorsTests" */;
			buildPhases = (
				1FEBD80A299846F8001C402E /* Sources */,
				1FEBD80B299846F8001C402E /* Frameworks */,
				1FEBD80C299846F8001C402E /* Resources */,
			);
			buildRules = (
			);
			dependencies = (
				1FEBD810299846F8001C402E /* PBXTargetDependency */,
			);
			name = TabIndicadorsTests;
			productName = TabIndicadorsTests;
			productReference = 1FEBD80E299846F8001C402E /* TabIndicadorsTests.xctest */;
			productType = "com.apple.product-type.bundle.unit-test";
		};
		1FEBD817299846F8001C402E /* TabIndicadorsUITests */ = {
			isa = PBXNativeTarget;
			buildConfigurationList = 1FEBD828299846F8001C402E /* Build configuration list for PBXNativeTarget "TabIndicadorsUITests" */;
			buildPhases = (
				1FEBD814299846F8001C402E /* Sources */,
				1FEBD815299846F8001C402E /* Frameworks */,
				1FEBD816299846F8001C402E /* Resources */,
			);
			buildRules = (
			);
			dependencies = (
				1FEBD81A299846F8001C402E /* PBXTargetDependency */,
			);
			name = TabIndicadorsUITests;
			productName = TabIndicadorsUITests;
			productReference = 1FEBD818299846F8001C402E /* TabIndicadorsUITests.xctest */;
			productType = "com.apple.product-type.bundle.ui-testing";
		};
/* End PBXNativeTarget section */

/* Begin PBXProject section */
		1FEBD7F6299846F6001C402E /* Project object */ = {
			isa = PBXProject;
			attributes = {
				BuildIndependentTargetsInParallel = 1;
				LastSwiftUpdateCheck = 1420;
				LastUpgradeCheck = 1420;
				TargetAttributes = {
					1FEBD7FD299846F6001C402E = {
						CreatedOnToolsVersion = 14.2;
					};
					1FEBD80D299846F8001C402E = {
						CreatedOnToolsVersion = 14.2;
						TestTargetID = 1FEBD7FD299846F6001C402E;
					};
					1FEBD817299846F8001C402E = {
						CreatedOnToolsVersion = 14.2;
						TestTargetID = 1FEBD7FD299846F6001C402E;
					};
				};
			};
			buildConfigurationList = 1FEBD7F9299846F6001C402E /* Build configuration list for PBXProject "TabIndicadors" */;
			compatibilityVersion = "Xcode 14.0";
			developmentRegion = en;
			hasScannedForEncodings = 0;
			knownRegions = (
				en,
				Base,
			);
			mainGroup = 1FEBD7F5299846F6001C402E;
			productRefGroup = 1FEBD7FF299846F6001C402E /* Products */;
			projectDirPath = "";
			projectRoot = "";
			targets = (
				1FEBD7FD299846F6001C402E /* TabIndicadors */,
				1FEBD80D299846F8001C402E /* TabIndicadorsTests */,
				1FEBD817299846F8001C402E /* TabIndicadorsUITests */,
			);
		};
/* End PBXProject section */

/* Begin PBXResourcesBuildPhase section */
		1FEBD7FC299846F6001C402E /* Resources */ = {
			isa = PBXResourcesBuildPhase;
			buildActionMask = 2147483647;
			files = (
				1FEBD809299846F8001C402E /* Preview Assets.xcassets in Resources */,
				1FEBD806299846F8001C402E /* Assets.xcassets in Resources */,
			);
			runOnlyForDeploymentPostprocessing = 0;
		};
		1FEBD80C299846F8001C402E /* Resources */ = {
			isa = PBXResourcesBuildPhase;
			buildActionMask = 2147483647;
			files = (
			);
			runOnlyForDeploymentPostprocessing = 0;
		};
		1FEBD816299846F8001C402E /* Resources */ = {
			isa = PBXResourcesBuildPhase;
			buildActionMask = 2147483647;
			files = (
			);
			runOnlyForDeploymentPostprocessing = 0;
		};
/* End PBXResourcesBuildPhase section */

/* Begin PBXSourcesBuildPhase section */
		1FEBD7FA299846F6001C402E /* Sources */ = {
			isa = PBXSourcesBuildPhase;
			buildActionMask = 2147483647;
			files = (
				1FEBD804299846F6001C402E /* ContentView.swift in Sources */,
				1FEBD82F29984B8D001C402E /* Home.swift in Sources */,
				1FEBD83329985E25001C402E /* ScrollOffset.swift in Sources */,
				1FEBD802299846F6001C402E /* TabIndicadorsApp.swift in Sources */,
				1FEBD83129984BD5001C402E /* Tab.swift in Sources */,
				1FEBD8352998618D001C402E /* LinearInterpolation.swift in Sources */,
			);
			runOnlyForDeploymentPostprocessing = 0;
		};
		1FEBD80A299846F8001C402E /* Sources */ = {
			isa = PBXSourcesBuildPhase;
			buildActionMask = 2147483647;
			files = (
			);
			runOnlyForDeploymentPostprocessing = 0;
		};
		1FEBD814299846F8001C402E /* Sources */ = {
			isa = PBXSourcesBuildPhase;
			buildActionMask = 2147483647;
			files = (
			);
			runOnlyForDeploymentPostprocessing = 0;
		};
/* End PBXSourcesBuildPhase section */

/* Begin PBXTargetDependency section */
		1FEBD810299846F8001C402E /* PBXTargetDependency */ = {
			isa = PBXTargetDependency;
			target = 1FEBD7FD299846F6001C402E /* TabIndicadors */;
			targetProxy = 1FEBD80F299846F8001C402E /* PBXContainerItemProxy */;
		};
		1FEBD81A299846F8001C402E /* PBXTargetDependency */ = {
			isa = PBXTargetDependency;
			target = 1FEBD7FD299846F6001C402E /* TabIndicadors */;
			targetProxy = 1FEBD819299846F8001C402E /* PBXContainerItemProxy */;
		};
/* End PBXTargetDependency section */

/* Begin XCBuildConfiguration section */
		1FEBD820299846F8001C402E /* Debug */ = {
			isa = XCBuildConfiguration;
			buildSettings = {
				ALWAYS_SEARCH_USER_PATHS = NO;
				CLANG_ANALYZER_NONNULL = YES;
				CLANG_ANALYZER_NUMBER_OBJECT_CONVERSION = YES_AGGRESSIVE;
				CLANG_CXX_LANGUAGE_STANDARD = "gnu++20";
				CLANG_ENABLE_MODULES = YES;
				CLANG_ENABLE_OBJC_ARC = YES;
				CLANG_ENABLE_OBJC_WEAK = YES;
				CLANG_WARN_BLOCK_CAPTURE_AUTORELEASING = YES;
				CLANG_WARN_BOOL_CONVERSION = YES;
				CLANG_WARN_COMMA = YES;
				CLANG_WARN_CONSTANT_CONVERSION = YES;
				CLANG_WARN_DEPRECATED_OBJC_IMPLEMENTATIONS = YES;
				CLANG_WARN_DIRECT_OBJC_ISA_USAGE = YES_ERROR;
				CLANG_WARN_DOCUMENTATION_COMMENTS = YES;
				CLANG_WARN_EMPTY_BODY = YES;
				CLANG_WARN_ENUM_CONVERSION = YES;
				CLANG_WARN_INFINITE_RECURSION = YES;
				CLANG_WARN_INT_CONVERSION = YES;
				CLANG_WARN_NON_LITERAL_NULL_CONVERSION = YES;
				CLANG_WARN_OBJC_IMPLICIT_RETAIN_SELF = YES;
				CLANG_WARN_OBJC_LITERAL_CONVERSION = YES;
				CLANG_WARN_OBJC_ROOT_CLASS = YES_ERROR;
				CLANG_WARN_QUOTED_INCLUDE_IN_FRAMEWORK_HEADER = YES;
				CLANG_WARN_RANGE_LOOP_ANALYSIS = YES;
				CLANG_WARN_STRICT_PROTOTYPES = YES;
				CLANG_WARN_SUSPICIOUS_MOVE = YES;
				CLANG_WARN_UNGUARDED_AVAILABILITY = YES_AGGRESSIVE;
				CLANG_WARN_UNREACHABLE_CODE = YES;
				CLANG_WARN__DUPLICATE_METHOD_MATCH = YES;
				COPY_PHASE_STRIP = NO;
				DEBUG_INFORMATION_FORMAT = dwarf;
				ENABLE_STRICT_OBJC_MSGSEND = YES;
				ENABLE_TESTABILITY = YES;
				GCC_C_LANGUAGE_STANDARD = gnu11;
				GCC_DYNAMIC_NO_PIC = NO;
				GCC_NO_COMMON_BLOCKS = YES;
				GCC_OPTIMIZATION_LEVEL = 0;
				GCC_PREPROCESSOR_DEFINITIONS = (
					"DEBUG=1",
					"$(inherited)",
				);
				GCC_WARN_64_TO_32_BIT_CONVERSION = YES;
				GCC_WARN_ABOUT_RETURN_TYPE = YES_ERROR;
				GCC_WARN_UNDECLARED_SELECTOR = YES;
				GCC_WARN_UNINITIALIZED_AUTOS = YES_AGGRESSIVE;
				GCC_WARN_UNUSED_FUNCTION = YES;
				GCC_WARN_UNUSED_VARIABLE = YES;
				IPHONEOS_DEPLOYMENT_TARGET = 16.2;
				MTL_ENABLE_DEBUG_INFO = INCLUDE_SOURCE;
				MTL_FAST_MATH = YES;
				ONLY_ACTIVE_ARCH = YES;
				SDKROOT = iphoneos;
				SWIFT_ACTIVE_COMPILATION_CONDITIONS = DEBUG;
				SWIFT_OPTIMIZATION_LEVEL = "-Onone";
			};
			name = Debug;
		};
		1FEBD821299846F8001C402E /* Release */ = {
			isa = XCBuildConfiguration;
			buildSettings = {
				ALWAYS_SEARCH_USER_PATHS = NO;
				CLANG_ANALYZER_NONNULL = YES;
				CLANG_ANALYZER_NUMBER_OBJECT_CONVERSION = YES_AGGRESSIVE;
				CLANG_CXX_LANGUAGE_STANDARD = "gnu++20";
				CLANG_ENABLE_MODULES = YES;
				CLANG_ENABLE_OBJC_ARC = YES;
				CLANG_ENABLE_OBJC_WEAK = YES;
				CLANG_WARN_BLOCK_CAPTURE_AUTORELEASING = YES;
				CLANG_WARN_BOOL_CONVERSION = YES;
				CLANG_WARN_COMMA = YES;
				CLANG_WARN_CONSTANT_CONVERSION = YES;
				CLANG_WARN_DEPRECATED_OBJC_IMPLEMENTATIONS = YES;
				CLANG_WARN_DIRECT_OBJC_ISA_USAGE = YES_ERROR;
				CLANG_WARN_DOCUMENTATION_COMMENTS = YES;
				CLANG_WARN_EMPTY_BODY = YES;
				CLANG_WARN_ENUM_CONVERSION = YES;
				CLANG_WARN_INFINITE_RECURSION = YES;
				CLANG_WARN_INT_CONVERSION = YES;
				CLANG_WARN_NON_LITERAL_NULL_CONVERSION = YES;
				CLANG_WARN_OBJC_IMPLICIT_RETAIN_SELF = YES;
				CLANG_WARN_OBJC_LITERAL_CONVERSION = YES;
				CLANG_WARN_OBJC_ROOT_CLASS = YES_ERROR;
				CLANG_WARN_QUOTED_INCLUDE_IN_FRAMEWORK_HEADER = YES;
				CLANG_WARN_RANGE_LOOP_ANALYSIS = YES;
				CLANG_WARN_STRICT_PROTOTYPES = YES;
				CLANG_WARN_SUSPICIOUS_MOVE = YES;
				CLANG_WARN_UNGUARDED_AVAILABILITY = YES_AGGRESSIVE;
				CLANG_WARN_UNREACHABLE_CODE = YES;
				CLANG_WARN__DUPLICATE_METHOD_MATCH = YES;
				COPY_PHASE_STRIP = NO;
				DEBUG_INFORMATION_FORMAT = "dwarf-with-dsym";
				ENABLE_NS_ASSERTIONS = NO;
				ENABLE_STRICT_OBJC_MSGSEND = YES;
				GCC_C_LANGUAGE_STANDARD = gnu11;
				GCC_NO_COMMON_BLOCKS = YES;
				GCC_WARN_64_TO_32_BIT_CONVERSION = YES;
				GCC_WARN_ABOUT_RETURN_TYPE = YES_ERROR;
				GCC_WARN_UNDECLARED_SELECTOR = YES;
				GCC_WARN_UNINITIALIZED_AUTOS = YES_AGGRESSIVE;
				GCC_WARN_UNUSED_FUNCTION = YES;
				GCC_WARN_UNUSED_VARIABLE = YES;
				IPHONEOS_DEPLOYMENT_TARGET = 16.2;
				MTL_ENABLE_DEBUG_INFO = NO;
				MTL_FAST_MATH = YES;
				SDKROOT = iphoneos;
				SWIFT_COMPILATION_MODE = wholemodule;
				SWIFT_OPTIMIZATION_LEVEL = "-O";
				VALIDATE_PRODUCT = YES;
			};
			name = Release;
		};
		1FEBD823299846F8001C402E /* Debug */ = {
			isa = XCBuildConfiguration;
			buildSettings = {
				ASSETCATALOG_COMPILER_APPICON_NAME = AppIcon;
				ASSETCATALOG_COMPILER_GLOBAL_ACCENT_COLOR_NAME = AccentColor;
				CODE_SIGN_STYLE = Automatic;
				CURRENT_PROJECT_VERSION = 1;
				DEVELOPMENT_ASSET_PATHS = "\"TabIndicadors/Preview Content\"";
				DEVELOPMENT_TEAM = H5QG2Z5KD8;
				ENABLE_PREVIEWS = YES;
				GENERATE_INFOPLIST_FILE = YES;
				INFOPLIST_KEY_UIApplicationSceneManifest_Generation = YES;
				INFOPLIST_KEY_UIApplicationSupportsIndirectInputEvents = YES;
				INFOPLIST_KEY_UILaunchScreen_Generation = YES;
				INFOPLIST_KEY_UISupportedInterfaceOrientations_iPad = "UIInterfaceOrientationPortrait UIInterfaceOrientationPortraitUpsideDown UIInterfaceOrientationLandscapeLeft UIInterfaceOrientationLandscapeRight";
				INFOPLIST_KEY_UISupportedInterfaceOrientations_iPhone = "UIInterfaceOrientationPortrait UIInterfaceOrientationLandscapeLeft UIInterfaceOrientationLandscapeRight";
				LD_RUNPATH_SEARCH_PATHS = (
					"$(inherited)",
					"@executable_path/Frameworks",
				);
				MARKETING_VERSION = 1.0;
				PRODUCT_BUNDLE_IDENTIFIER = standartesoftware.com.TabIndicadors;
				PRODUCT_NAME = "$(TARGET_NAME)";
				SWIFT_EMIT_LOC_STRINGS = YES;
				SWIFT_VERSION = 5.0;
				TARGETED_DEVICE_FAMILY = "1,2";
			};
			name = Debug;
		};
		1FEBD824299846F8001C402E /* Release */ = {
			isa = XCBuildConfiguration;
			buildSettings = {
				ASSETCATALOG_COMPILER_APPICON_NAME = AppIcon;
				ASSETCATALOG_COMPILER_GLOBAL_ACCENT_COLOR_NAME = AccentColor;
				CODE_SIGN_STYLE = Automatic;
				CURRENT_PROJECT_VERSION = 1;
				DEVELOPMENT_ASSET_PATHS = "\"TabIndicadors/Preview Content\"";
				DEVELOPMENT_TEAM = H5QG2Z5KD8;
				ENABLE_PREVIEWS = YES;
				GENERATE_INFOPLIST_FILE = YES;
				INFOPLIST_KEY_UIApplicationSceneManifest_Generation = YES;
				INFOPLIST_KEY_UIApplicationSupportsIndirectInputEvents = YES;
				INFOPLIST_KEY_UILaunchScreen_Generation = YES;
				INFOPLIST_KEY_UISupportedInterfaceOrientations_iPad = "UIInterfaceOrientationPortrait UIInterfaceOrientationPortraitUpsideDown UIInterfaceOrientationLandscapeLeft UIInterfaceOrientationLandscapeRight";
				INFOPLIST_KEY_UISupportedInterfaceOrientations_iPhone = "UIInterfaceOrientationPortrait UIInterfaceOrientationLandscapeLeft UIInterfaceOrientationLandscapeRight";
				LD_RUNPATH_SEARCH_PATHS = (
					"$(inherited)",
					"@executable_path/Frameworks",
				);
				MARKETING_VERSION = 1.0;
				PRODUCT_BUNDLE_IDENTIFIER = standartesoftware.com.TabIndicadors;
				PRODUCT_NAME = "$(TARGET_NAME)";
				SWIFT_EMIT_LOC_STRINGS = YES;
				SWIFT_VERSION = 5.0;
				TARGETED_DEVICE_FAMILY = "1,2";
			};
			name = Release;
		};
		1FEBD826299846F8001C402E /* Debug */ = {
			isa = XCBuildConfiguration;
			buildSettings = {
				ALWAYS_EMBED_SWIFT_STANDARD_LIBRARIES = YES;
				BUNDLE_LOADER = "$(TEST_HOST)";
				CODE_SIGN_STYLE = Automatic;
				CURRENT_PROJECT_VERSION = 1;
				DEVELOPMENT_TEAM = H5QG2Z5KD8;
				GENERATE_INFOPLIST_FILE = YES;
				IPHONEOS_DEPLOYMENT_TARGET = 16.2;
				MARKETING_VERSION = 1.0;
				PRODUCT_BUNDLE_IDENTIFIER = standartesoftware.com.TabIndicadorsTests;
				PRODUCT_NAME = "$(TARGET_NAME)";
				SWIFT_EMIT_LOC_STRINGS = NO;
				SWIFT_VERSION = 5.0;
				TARGETED_DEVICE_FAMILY = "1,2";
				TEST_HOST = "$(BUILT_PRODUCTS_DIR)/TabIndicadors.app/$(BUNDLE_EXECUTABLE_FOLDER_PATH)/TabIndicadors";
			};
			name = Debug;
		};
		1FEBD827299846F8001C402E /* Release */ = {
			isa = XCBuildConfiguration;
			buildSettings = {
				ALWAYS_EMBED_SWIFT_STANDARD_LIBRARIES = YES;
				BUNDLE_LOADER = "$(TEST_HOST)";
				CODE_SIGN_STYLE = Automatic;
				CURRENT_PROJECT_VERSION = 1;
				DEVELOPMENT_TEAM = H5QG2Z5KD8;
				GENERATE_INFOPLIST_FILE = YES;
				IPHONEOS_DEPLOYMENT_TARGET = 16.2;
				MARKETING_VERSION = 1.0;
				PRODUCT_BUNDLE_IDENTIFIER = standartesoftware.com.TabIndicadorsTests;
				PRODUCT_NAME = "$(TARGET_NAME)";
				SWIFT_EMIT_LOC_STRINGS = NO;
				SWIFT_VERSION = 5.0;
				TARGETED_DEVICE_FAMILY = "1,2";
				TEST_HOST = "$(BUILT_PRODUCTS_DIR)/TabIndicadors.app/$(BUNDLE_EXECUTABLE_FOLDER_PATH)/TabIndicadors";
			};
			name = Release;
		};
		1FEBD829299846F8001C402E /* Debug */ = {
			isa = XCBuildConfiguration;
			buildSettings = {
				ALWAYS_EMBED_SWIFT_STANDARD_LIBRARIES = YES;
				CODE_SIGN_STYLE = Automatic;
				CURRENT_PROJECT_VERSION = 1;
				DEVELOPMENT_TEAM = H5QG2Z5KD8;
				GENERATE_INFOPLIST_FILE = YES;
				MARKETING_VERSION = 1.0;
				PRODUCT_BUNDLE_IDENTIFIER = standartesoftware.com.TabIndicadorsUITests;
				PRODUCT_NAME = "$(TARGET_NAME)";
				SWIFT_EMIT_LOC_STRINGS = NO;
				SWIFT_VERSION = 5.0;
				TARGETED_DEVICE_FAMILY = "1,2";
				TEST_TARGET_NAME = TabIndicadors;
			};
			name = Debug;
		};
		1FEBD82A299846F8001C402E /* Release */ = {
			isa = XCBuildConfiguration;
			buildSettings = {
				ALWAYS_EMBED_SWIFT_STANDARD_LIBRARIES = YES;
				CODE_SIGN_STYLE = Automatic;
				CURRENT_PROJECT_VERSION = 1;
				DEVELOPMENT_TEAM = H5QG2Z5KD8;
				GENERATE_INFOPLIST_FILE = YES;
				MARKETING_VERSION = 1.0;
				PRODUCT_BUNDLE_IDENTIFIER = standartesoftware.com.TabIndicadorsUITests;
				PRODUCT_NAME = "$(TARGET_NAME)";
				SWIFT_EMIT_LOC_STRINGS = NO;
				SWIFT_VERSION = 5.0;
				TARGETED_DEVICE_FAMILY = "1,2";
				TEST_TARGET_NAME = TabIndicadors;
			};
			name = Release;
		};
/* End XCBuildConfiguration section */

/* Begin XCConfigurationList section */
		1FEBD7F9299846F6001C402E /* Build configuration list for PBXProject "TabIndicadors" */ = {
			isa = XCConfigurationList;
			buildConfigurations = (
				1FEBD820299846F8001C402E /* Debug */,
				1FEBD821299846F8001C402E /* Release */,
			);
			defaultConfigurationIsVisible = 0;
			defaultConfigurationName = Release;
		};
		1FEBD822299846F8001C402E /* Build configuration list for PBXNativeTarget "TabIndicadors" */ = {
			isa = XCConfigurationList;
			buildConfigurations = (
				1FEBD823299846F8001C402E /* Debug */,
				1FEBD824299846F8001C402E /* Release */,
			);
			defaultConfigurationIsVisible = 0;
			defaultConfigurationName = Release;
		};
		1FEBD825299846F8001C402E /* Build configuration list for PBXNativeTarget "TabIndicadorsTests" */ = {
			isa = XCConfigurationList;
			buildConfigurations = (
				1FEBD826299846F8001C402E /* Debug */,
				1FEBD827299846F8001C402E /* Release */,
			);
			defaultConfigurationIsVisible = 0;
			defaultConfigurationName = Release;
		};
		1FEBD828299846F8001C402E /* Build configuration list for PBXNativeTarget "TabIndicadorsUITests" */ = {
			isa = XCConfigurationList;
			buildConfigurations = (
				1FEBD829299846F8001C402E /* Debug */,
				1FEBD82A299846F8001C402E /* Release */,
			);
			defaultConfigurationIsVisible = 0;
			defaultConfigurationName = Release;
		};
/* End XCConfigurationList section */
	};
	rootObject = 1FEBD7F6299846F6001C402E /* Project object */;
}
